// !$*UTF8*$!
{
	archiveVersion = 1;
	classes = {
	};
	objectVersion = 46;
	objects = {

/* Begin PBXBuildFile section */
		9F6D5D2A1DCB71070063087D /* EtherWrapper.h in Headers */ = {isa = PBXBuildFile; fileRef = 9F2FF9D41DCB6865001CF067 /* EtherWrapper.h */; settings = {ATTRIBUTES = (Public, ); }; };
		9F6D5D2B1DCB71090063087D /* EtherWrapper.m in Sources */ = {isa = PBXBuildFile; fileRef = 9F2FF9D51DCB6865001CF067 /* EtherWrapper.m */; };
		9F7FC6AA1DF80B990074164B /* secp256k1.c in Sources */ = {isa = PBXBuildFile; fileRef = 9F7FC6A91DF80B990074164B /* secp256k1.c */; };
		9F7FC6B01DF80BC30074164B /* secp256k1.h in Headers */ = {isa = PBXBuildFile; fileRef = 9F7FC6AD1DF80BC30074164B /* secp256k1.h */; };
		9F7FC6B11DF80BC30074164B /* secp256k1_ecdh.h in Headers */ = {isa = PBXBuildFile; fileRef = 9F7FC6AE1DF80BC30074164B /* secp256k1_ecdh.h */; };
		9F7FC6B21DF80BC30074164B /* secp256k1_recovery.h in Headers */ = {isa = PBXBuildFile; fileRef = 9F7FC6AF1DF80BC30074164B /* secp256k1_recovery.h */; };
		9F800C131DCB34D700C37B7A /* EtherealCereal.h in Headers */ = {isa = PBXBuildFile; fileRef = 9F800C051DCB34D700C37B7A /* EtherealCereal.h */; settings = {ATTRIBUTES = (Public, ); }; };
		9F9030AA1DD0854F0099861E /* keccak.c in Sources */ = {isa = PBXBuildFile; fileRef = 9F9030A81DD0854F0099861E /* keccak.c */; };
		9F9030B41DD0928A0099861E /* Tests.swift in Sources */ = {isa = PBXBuildFile; fileRef = 9F9030B31DD0928A0099861E /* Tests.swift */; };
		9F9030B61DD0928A0099861E /* EtherealCereal.framework in Frameworks */ = {isa = PBXBuildFile; fileRef = 9F800C021DCB34D700C37B7A /* EtherealCereal.framework */; };
		9F9030C31DD095250099861E /* keccak.h in Headers */ = {isa = PBXBuildFile; fileRef = 9F9030A91DD0854F0099861E /* keccak.h */; settings = {ATTRIBUTES = (Public, ); }; };
		9F9030C81DD0956A0099861E /* EtherealCereal.framework in Resources */ = {isa = PBXBuildFile; fileRef = 9F800C021DCB34D700C37B7A /* EtherealCereal.framework */; };
		9FD9AE301DCB364A00828D06 /* AppDelegate.swift in Sources */ = {isa = PBXBuildFile; fileRef = 9FD9AE2F1DCB364A00828D06 /* AppDelegate.swift */; };
		9FD9AE321DCB364A00828D06 /* ViewController.swift in Sources */ = {isa = PBXBuildFile; fileRef = 9FD9AE311DCB364A00828D06 /* ViewController.swift */; };
		9FD9AE371DCB364A00828D06 /* Assets.xcassets in Resources */ = {isa = PBXBuildFile; fileRef = 9FD9AE361DCB364A00828D06 /* Assets.xcassets */; };
		9FD9AE3A1DCB364A00828D06 /* LaunchScreen.storyboard in Resources */ = {isa = PBXBuildFile; fileRef = 9FD9AE381DCB364A00828D06 /* LaunchScreen.storyboard */; };
		9FD9AE411DCB36C600828D06 /* EtherealCereal.swift in Sources */ = {isa = PBXBuildFile; fileRef = 9FD9AE401DCB36C600828D06 /* EtherealCereal.swift */; };
		9FD9AE431DCB36C600828D06 /* EtherealCereal.swift in Sources */ = {isa = PBXBuildFile; fileRef = 9FD9AE401DCB36C600828D06 /* EtherealCereal.swift */; };
		9FD9AE451DCB36F900828D06 /* EtherealCereal.framework in Frameworks */ = {isa = PBXBuildFile; fileRef = 9F800C021DCB34D700C37B7A /* EtherealCereal.framework */; };
		9FD9AE461DCB36FA00828D06 /* EtherealCereal.framework in Embed Frameworks */ = {isa = PBXBuildFile; fileRef = 9F800C021DCB34D700C37B7A /* EtherealCereal.framework */; settings = {ATTRIBUTES = (CodeSignOnCopy, RemoveHeadersOnCopy, ); }; };
		9FFB39CD1DF80F4A00274660 /* libsecp256k1-config.h in Headers */ = {isa = PBXBuildFile; fileRef = 9FFB39C61DF80D1700274660 /* libsecp256k1-config.h */; };
		9FFB39D71DF8133F00274660 /* field_impl.h in Headers */ = {isa = PBXBuildFile; fileRef = 9FFB39D61DF8133F00274660 /* field_impl.h */; };
		9FFB39DB1DF8137100274660 /* field_10x26_impl.h in Headers */ = {isa = PBXBuildFile; fileRef = 9FFB39D91DF8137100274660 /* field_10x26_impl.h */; };
		9FFB39DD1DF8138200274660 /* num.h in Headers */ = {isa = PBXBuildFile; fileRef = 9FFB39DC1DF8138200274660 /* num.h */; };
		9FFB39DF1DF8138F00274660 /* field.h in Headers */ = {isa = PBXBuildFile; fileRef = 9FFB39DE1DF8138F00274660 /* field.h */; };
		9FFB39E11DF813A400274660 /* field_10x26.h in Headers */ = {isa = PBXBuildFile; fileRef = 9FFB39E01DF813A400274660 /* field_10x26.h */; };
		9FFB39E31DF813E500274660 /* util.h in Headers */ = {isa = PBXBuildFile; fileRef = 9FFB39E21DF813E500274660 /* util.h */; };
		9FFB39E61DF813F900274660 /* scalar_impl.h in Headers */ = {isa = PBXBuildFile; fileRef = 9FFB39E41DF813F900274660 /* scalar_impl.h */; };
		9FFB39E71DF813F900274660 /* scalar.h in Headers */ = {isa = PBXBuildFile; fileRef = 9FFB39E51DF813F900274660 /* scalar.h */; };
		9FFB39EA1DF8140500274660 /* group_impl.h in Headers */ = {isa = PBXBuildFile; fileRef = 9FFB39E81DF8140500274660 /* group_impl.h */; };
		9FFB39EB1DF8140500274660 /* group.h in Headers */ = {isa = PBXBuildFile; fileRef = 9FFB39E91DF8140500274660 /* group.h */; };
		9FFB39EE1DF8141800274660 /* scalar_8x32_impl.h in Headers */ = {isa = PBXBuildFile; fileRef = 9FFB39EC1DF8141800274660 /* scalar_8x32_impl.h */; };
		9FFB39EF1DF8141800274660 /* scalar_8x32.h in Headers */ = {isa = PBXBuildFile; fileRef = 9FFB39ED1DF8141800274660 /* scalar_8x32.h */; };
		9FFB39F61DF8144200274660 /* ecmult_const_impl.h in Headers */ = {isa = PBXBuildFile; fileRef = 9FFB39F01DF8144200274660 /* ecmult_const_impl.h */; };
		9FFB39F71DF8144200274660 /* ecmult_const.h in Headers */ = {isa = PBXBuildFile; fileRef = 9FFB39F11DF8144200274660 /* ecmult_const.h */; };
		9FFB39F81DF8144200274660 /* ecmult_gen_impl.h in Headers */ = {isa = PBXBuildFile; fileRef = 9FFB39F21DF8144200274660 /* ecmult_gen_impl.h */; };
		9FFB39F91DF8144200274660 /* ecmult_gen.h in Headers */ = {isa = PBXBuildFile; fileRef = 9FFB39F31DF8144200274660 /* ecmult_gen.h */; };
		9FFB39FA1DF8144200274660 /* ecmult_impl.h in Headers */ = {isa = PBXBuildFile; fileRef = 9FFB39F41DF8144200274660 /* ecmult_impl.h */; };
		9FFB39FB1DF8144200274660 /* ecmult.h in Headers */ = {isa = PBXBuildFile; fileRef = 9FFB39F51DF8144200274660 /* ecmult.h */; };
		9FFB39FE1DF8145900274660 /* hash_impl.h in Headers */ = {isa = PBXBuildFile; fileRef = 9FFB39FC1DF8145900274660 /* hash_impl.h */; };
		9FFB39FF1DF8145900274660 /* hash.h in Headers */ = {isa = PBXBuildFile; fileRef = 9FFB39FD1DF8145900274660 /* hash.h */; };
		9FFB3A021DF8146500274660 /* ecdsa_impl.h in Headers */ = {isa = PBXBuildFile; fileRef = 9FFB3A001DF8146500274660 /* ecdsa_impl.h */; };
		9FFB3A031DF8146500274660 /* ecdsa.h in Headers */ = {isa = PBXBuildFile; fileRef = 9FFB3A011DF8146500274660 /* ecdsa.h */; };
		9FFB3A061DF8146F00274660 /* eckey_impl.h in Headers */ = {isa = PBXBuildFile; fileRef = 9FFB3A041DF8146F00274660 /* eckey_impl.h */; };
		9FFB3A071DF8146F00274660 /* eckey.h in Headers */ = {isa = PBXBuildFile; fileRef = 9FFB3A051DF8146F00274660 /* eckey.h */; };
		9FFB3A1A1DF8148600274660 /* main_impl.h in Headers */ = {isa = PBXBuildFile; fileRef = 9FFB3A0E1DF8148600274660 /* main_impl.h */; };
		9FFB632C1DCB3ABF0095D5CA /* EtherealCereal.swift in Headers */ = {isa = PBXBuildFile; fileRef = 9FD9AE401DCB36C600828D06 /* EtherealCereal.swift */; settings = {ATTRIBUTES = (Public, ); }; };
/* End PBXBuildFile section */

/* Begin PBXContainerItemProxy section */
		9F9030B71DD0928A0099861E /* PBXContainerItemProxy */ = {
			isa = PBXContainerItemProxy;
			containerPortal = 9F800BF91DCB34D700C37B7A /* Project object */;
			proxyType = 1;
			remoteGlobalIDString = 9F800C011DCB34D700C37B7A;
			remoteInfo = "Framework-iOS";
		};
/* End PBXContainerItemProxy section */

/* Begin PBXCopyFilesBuildPhase section */
		9FD9AE441DCB36E900828D06 /* Embed Frameworks */ = {
			isa = PBXCopyFilesBuildPhase;
			buildActionMask = 2147483647;
			dstPath = "";
			dstSubfolderSpec = 10;
			files = (
				9FD9AE461DCB36FA00828D06 /* EtherealCereal.framework in Embed Frameworks */,
			);
			name = "Embed Frameworks";
			runOnlyForDeploymentPostprocessing = 0;
		};
/* End PBXCopyFilesBuildPhase section */

/* Begin PBXFileReference section */
		9F2FF9D41DCB6865001CF067 /* EtherWrapper.h */ = {isa = PBXFileReference; fileEncoding = 4; lastKnownFileType = sourcecode.c.h; path = EtherWrapper.h; sourceTree = "<group>"; };
		9F2FF9D51DCB6865001CF067 /* EtherWrapper.m */ = {isa = PBXFileReference; fileEncoding = 4; lastKnownFileType = sourcecode.c.objc; path = EtherWrapper.m; sourceTree = "<group>"; };
		9F7FC6A91DF80B990074164B /* secp256k1.c */ = {isa = PBXFileReference; fileEncoding = 4; lastKnownFileType = sourcecode.c.c; path = secp256k1.c; sourceTree = "<group>"; };
		9F7FC6AD1DF80BC30074164B /* secp256k1.h */ = {isa = PBXFileReference; fileEncoding = 4; lastKnownFileType = sourcecode.c.h; path = secp256k1.h; sourceTree = "<group>"; };
		9F7FC6AE1DF80BC30074164B /* secp256k1_ecdh.h */ = {isa = PBXFileReference; fileEncoding = 4; lastKnownFileType = sourcecode.c.h; path = secp256k1_ecdh.h; sourceTree = "<group>"; };
		9F7FC6AF1DF80BC30074164B /* secp256k1_recovery.h */ = {isa = PBXFileReference; fileEncoding = 4; lastKnownFileType = sourcecode.c.h; path = secp256k1_recovery.h; sourceTree = "<group>"; };
		9F800C021DCB34D700C37B7A /* EtherealCereal.framework */ = {isa = PBXFileReference; explicitFileType = wrapper.framework; includeInIndex = 0; path = EtherealCereal.framework; sourceTree = BUILT_PRODUCTS_DIR; };
		9F800C051DCB34D700C37B7A /* EtherealCereal.h */ = {isa = PBXFileReference; lastKnownFileType = sourcecode.c.h; path = EtherealCereal.h; sourceTree = "<group>"; };
		9F800C061DCB34D700C37B7A /* Info.plist */ = {isa = PBXFileReference; lastKnownFileType = text.plist.xml; path = Info.plist; sourceTree = "<group>"; };
		9F9030A81DD0854F0099861E /* keccak.c */ = {isa = PBXFileReference; fileEncoding = 4; lastKnownFileType = sourcecode.c.c; path = keccak.c; sourceTree = "<group>"; };
		9F9030A91DD0854F0099861E /* keccak.h */ = {isa = PBXFileReference; fileEncoding = 4; lastKnownFileType = sourcecode.c.h; path = keccak.h; sourceTree = "<group>"; };
		9F9030B11DD0928A0099861E /* Tests.xctest */ = {isa = PBXFileReference; explicitFileType = wrapper.cfbundle; includeInIndex = 0; path = Tests.xctest; sourceTree = BUILT_PRODUCTS_DIR; };
		9F9030B31DD0928A0099861E /* Tests.swift */ = {isa = PBXFileReference; lastKnownFileType = sourcecode.swift; path = Tests.swift; sourceTree = "<group>"; };
		9F9030B51DD0928A0099861E /* Info.plist */ = {isa = PBXFileReference; lastKnownFileType = text.plist.xml; path = Info.plist; sourceTree = "<group>"; };
		9FD9AE2D1DCB364A00828D06 /* Demo.app */ = {isa = PBXFileReference; explicitFileType = wrapper.application; includeInIndex = 0; path = Demo.app; sourceTree = BUILT_PRODUCTS_DIR; };
		9FD9AE2F1DCB364A00828D06 /* AppDelegate.swift */ = {isa = PBXFileReference; lastKnownFileType = sourcecode.swift; path = AppDelegate.swift; sourceTree = "<group>"; };
		9FD9AE311DCB364A00828D06 /* ViewController.swift */ = {isa = PBXFileReference; lastKnownFileType = sourcecode.swift; path = ViewController.swift; sourceTree = "<group>"; };
		9FD9AE361DCB364A00828D06 /* Assets.xcassets */ = {isa = PBXFileReference; lastKnownFileType = folder.assetcatalog; path = Assets.xcassets; sourceTree = "<group>"; };
		9FD9AE391DCB364A00828D06 /* Base */ = {isa = PBXFileReference; lastKnownFileType = file.storyboard; name = Base; path = Base.lproj/LaunchScreen.storyboard; sourceTree = "<group>"; };
		9FD9AE3B1DCB364A00828D06 /* Info.plist */ = {isa = PBXFileReference; lastKnownFileType = text.plist.xml; path = Info.plist; sourceTree = "<group>"; };
		9FD9AE401DCB36C600828D06 /* EtherealCereal.swift */ = {isa = PBXFileReference; fileEncoding = 4; lastKnownFileType = sourcecode.swift; path = EtherealCereal.swift; sourceTree = "<group>"; };
		9FFB39C61DF80D1700274660 /* libsecp256k1-config.h */ = {isa = PBXFileReference; fileEncoding = 4; lastKnownFileType = sourcecode.c.h; path = "libsecp256k1-config.h"; sourceTree = "<group>"; };
		9FFB39D61DF8133F00274660 /* field_impl.h */ = {isa = PBXFileReference; fileEncoding = 4; lastKnownFileType = sourcecode.c.h; path = field_impl.h; sourceTree = "<group>"; };
		9FFB39D91DF8137100274660 /* field_10x26_impl.h */ = {isa = PBXFileReference; fileEncoding = 4; lastKnownFileType = sourcecode.c.h; path = field_10x26_impl.h; sourceTree = "<group>"; };
		9FFB39DC1DF8138200274660 /* num.h */ = {isa = PBXFileReference; fileEncoding = 4; lastKnownFileType = sourcecode.c.h; path = num.h; sourceTree = "<group>"; };
		9FFB39DE1DF8138F00274660 /* field.h */ = {isa = PBXFileReference; fileEncoding = 4; lastKnownFileType = sourcecode.c.h; path = field.h; sourceTree = "<group>"; };
		9FFB39E01DF813A400274660 /* field_10x26.h */ = {isa = PBXFileReference; fileEncoding = 4; lastKnownFileType = sourcecode.c.h; path = field_10x26.h; sourceTree = "<group>"; };
		9FFB39E21DF813E500274660 /* util.h */ = {isa = PBXFileReference; fileEncoding = 4; lastKnownFileType = sourcecode.c.h; path = util.h; sourceTree = "<group>"; };
		9FFB39E41DF813F900274660 /* scalar_impl.h */ = {isa = PBXFileReference; fileEncoding = 4; lastKnownFileType = sourcecode.c.h; path = scalar_impl.h; sourceTree = "<group>"; };
		9FFB39E51DF813F900274660 /* scalar.h */ = {isa = PBXFileReference; fileEncoding = 4; lastKnownFileType = sourcecode.c.h; path = scalar.h; sourceTree = "<group>"; };
		9FFB39E81DF8140500274660 /* group_impl.h */ = {isa = PBXFileReference; fileEncoding = 4; lastKnownFileType = sourcecode.c.h; path = group_impl.h; sourceTree = "<group>"; };
		9FFB39E91DF8140500274660 /* group.h */ = {isa = PBXFileReference; fileEncoding = 4; lastKnownFileType = sourcecode.c.h; path = group.h; sourceTree = "<group>"; };
		9FFB39EC1DF8141800274660 /* scalar_8x32_impl.h */ = {isa = PBXFileReference; fileEncoding = 4; lastKnownFileType = sourcecode.c.h; path = scalar_8x32_impl.h; sourceTree = "<group>"; };
		9FFB39ED1DF8141800274660 /* scalar_8x32.h */ = {isa = PBXFileReference; fileEncoding = 4; lastKnownFileType = sourcecode.c.h; path = scalar_8x32.h; sourceTree = "<group>"; };
		9FFB39F01DF8144200274660 /* ecmult_const_impl.h */ = {isa = PBXFileReference; fileEncoding = 4; lastKnownFileType = sourcecode.c.h; path = ecmult_const_impl.h; sourceTree = "<group>"; };
		9FFB39F11DF8144200274660 /* ecmult_const.h */ = {isa = PBXFileReference; fileEncoding = 4; lastKnownFileType = sourcecode.c.h; path = ecmult_const.h; sourceTree = "<group>"; };
		9FFB39F21DF8144200274660 /* ecmult_gen_impl.h */ = {isa = PBXFileReference; fileEncoding = 4; lastKnownFileType = sourcecode.c.h; path = ecmult_gen_impl.h; sourceTree = "<group>"; };
		9FFB39F31DF8144200274660 /* ecmult_gen.h */ = {isa = PBXFileReference; fileEncoding = 4; lastKnownFileType = sourcecode.c.h; path = ecmult_gen.h; sourceTree = "<group>"; };
		9FFB39F41DF8144200274660 /* ecmult_impl.h */ = {isa = PBXFileReference; fileEncoding = 4; lastKnownFileType = sourcecode.c.h; path = ecmult_impl.h; sourceTree = "<group>"; };
		9FFB39F51DF8144200274660 /* ecmult.h */ = {isa = PBXFileReference; fileEncoding = 4; lastKnownFileType = sourcecode.c.h; path = ecmult.h; sourceTree = "<group>"; };
		9FFB39FC1DF8145900274660 /* hash_impl.h */ = {isa = PBXFileReference; fileEncoding = 4; lastKnownFileType = sourcecode.c.h; path = hash_impl.h; sourceTree = "<group>"; };
		9FFB39FD1DF8145900274660 /* hash.h */ = {isa = PBXFileReference; fileEncoding = 4; lastKnownFileType = sourcecode.c.h; path = hash.h; sourceTree = "<group>"; };
		9FFB3A001DF8146500274660 /* ecdsa_impl.h */ = {isa = PBXFileReference; fileEncoding = 4; lastKnownFileType = sourcecode.c.h; path = ecdsa_impl.h; sourceTree = "<group>"; };
		9FFB3A011DF8146500274660 /* ecdsa.h */ = {isa = PBXFileReference; fileEncoding = 4; lastKnownFileType = sourcecode.c.h; path = ecdsa.h; sourceTree = "<group>"; };
		9FFB3A041DF8146F00274660 /* eckey_impl.h */ = {isa = PBXFileReference; fileEncoding = 4; lastKnownFileType = sourcecode.c.h; path = eckey_impl.h; sourceTree = "<group>"; };
		9FFB3A051DF8146F00274660 /* eckey.h */ = {isa = PBXFileReference; fileEncoding = 4; lastKnownFileType = sourcecode.c.h; path = eckey.h; sourceTree = "<group>"; };
		9FFB3A0E1DF8148600274660 /* main_impl.h */ = {isa = PBXFileReference; fileEncoding = 4; lastKnownFileType = sourcecode.c.h; path = main_impl.h; sourceTree = "<group>"; };
/* End PBXFileReference section */

/* Begin PBXFrameworksBuildPhase section */
		9F800BFE1DCB34D700C37B7A /* Frameworks */ = {
			isa = PBXFrameworksBuildPhase;
			buildActionMask = 2147483647;
			files = (
			);
			runOnlyForDeploymentPostprocessing = 0;
		};
		9F9030AE1DD0928A0099861E /* Frameworks */ = {
			isa = PBXFrameworksBuildPhase;
			buildActionMask = 2147483647;
			files = (
				9F9030B61DD0928A0099861E /* EtherealCereal.framework in Frameworks */,
			);
			runOnlyForDeploymentPostprocessing = 0;
		};
		9FD9AE2A1DCB364A00828D06 /* Frameworks */ = {
			isa = PBXFrameworksBuildPhase;
			buildActionMask = 2147483647;
			files = (
				9FD9AE451DCB36F900828D06 /* EtherealCereal.framework in Frameworks */,
			);
			runOnlyForDeploymentPostprocessing = 0;
		};
/* End PBXFrameworksBuildPhase section */

/* Begin PBXGroup section */
		9F7FC6AC1DF80BC30074164B /* include */ = {
			isa = PBXGroup;
			children = (
				9F7FC6AD1DF80BC30074164B /* secp256k1.h */,
				9F7FC6AE1DF80BC30074164B /* secp256k1_ecdh.h */,
				9F7FC6AF1DF80BC30074164B /* secp256k1_recovery.h */,
			);
			path = include;
			sourceTree = "<group>";
		};
		9F800BF81DCB34D700C37B7A = {
			isa = PBXGroup;
			children = (
				9FD9AE481DCB382A00828D06 /* Vendor */,
				9F800C041DCB34D700C37B7A /* EtherealCereal */,
				9FD9AE2E1DCB364A00828D06 /* Demo */,
				9F9030B21DD0928A0099861E /* Tests */,
				9F800C031DCB34D700C37B7A /* Products */,
			);
			sourceTree = "<group>";
		};
		9F800C031DCB34D700C37B7A /* Products */ = {
			isa = PBXGroup;
			children = (
				9F800C021DCB34D700C37B7A /* EtherealCereal.framework */,
				9FD9AE2D1DCB364A00828D06 /* Demo.app */,
				9F9030B11DD0928A0099861E /* Tests.xctest */,
			);
			name = Products;
			sourceTree = "<group>";
		};
		9F800C041DCB34D700C37B7A /* EtherealCereal */ = {
			isa = PBXGroup;
			children = (
				9FD9AE471DCB37C100828D06 /* Resources */,
				9FD9AE401DCB36C600828D06 /* EtherealCereal.swift */,
				9F2FF9D41DCB6865001CF067 /* EtherWrapper.h */,
				9F2FF9D51DCB6865001CF067 /* EtherWrapper.m */,
			);
			path = EtherealCereal;
			sourceTree = "<group>";
		};
		9F9030B21DD0928A0099861E /* Tests */ = {
			isa = PBXGroup;
			children = (
				9F9030B31DD0928A0099861E /* Tests.swift */,
				9F9030B51DD0928A0099861E /* Info.plist */,
			);
			path = Tests;
			sourceTree = "<group>";
		};
		9FD9AE2E1DCB364A00828D06 /* Demo */ = {
			isa = PBXGroup;
			children = (
				9FD9AE2F1DCB364A00828D06 /* AppDelegate.swift */,
				9FD9AE311DCB364A00828D06 /* ViewController.swift */,
				9FD9AE361DCB364A00828D06 /* Assets.xcassets */,
				9FD9AE381DCB364A00828D06 /* LaunchScreen.storyboard */,
				9FD9AE3B1DCB364A00828D06 /* Info.plist */,
			);
			path = Demo;
			sourceTree = "<group>";
		};
		9FD9AE471DCB37C100828D06 /* Resources */ = {
			isa = PBXGroup;
			children = (
				9F800C051DCB34D700C37B7A /* EtherealCereal.h */,
				9F800C061DCB34D700C37B7A /* Info.plist */,
			);
			name = Resources;
			sourceTree = "<group>";
		};
		9FD9AE481DCB382A00828D06 /* Vendor */ = {
			isa = PBXGroup;
			children = (
				9F9030A81DD0854F0099861E /* keccak.c */,
				9F9030A91DD0854F0099861E /* keccak.h */,
				9FFB39C61DF80D1700274660 /* libsecp256k1-config.h */,
				9FFB3A081DF8148600274660 /* modules */,
				9F7FC6AC1DF80BC30074164B /* include */,
				9F7FC6A91DF80B990074164B /* secp256k1.c */,
				9FFB39E21DF813E500274660 /* util.h */,
				9FFB39D61DF8133F00274660 /* field_impl.h */,
				9FFB39D91DF8137100274660 /* field_10x26_impl.h */,
				9FFB39E01DF813A400274660 /* field_10x26.h */,
				9FFB39DC1DF8138200274660 /* num.h */,
				9FFB39DE1DF8138F00274660 /* field.h */,
				9FFB39E41DF813F900274660 /* scalar_impl.h */,
				9FFB39E51DF813F900274660 /* scalar.h */,
				9FFB39E81DF8140500274660 /* group_impl.h */,
				9FFB39E91DF8140500274660 /* group.h */,
				9FFB39EC1DF8141800274660 /* scalar_8x32_impl.h */,
				9FFB39ED1DF8141800274660 /* scalar_8x32.h */,
				9FFB39F01DF8144200274660 /* ecmult_const_impl.h */,
				9FFB39F11DF8144200274660 /* ecmult_const.h */,
				9FFB39F21DF8144200274660 /* ecmult_gen_impl.h */,
				9FFB39F31DF8144200274660 /* ecmult_gen.h */,
				9FFB39F41DF8144200274660 /* ecmult_impl.h */,
				9FFB39F51DF8144200274660 /* ecmult.h */,
				9FFB39FC1DF8145900274660 /* hash_impl.h */,
				9FFB39FD1DF8145900274660 /* hash.h */,
				9FFB3A001DF8146500274660 /* ecdsa_impl.h */,
				9FFB3A011DF8146500274660 /* ecdsa.h */,
				9FFB3A041DF8146F00274660 /* eckey_impl.h */,
				9FFB3A051DF8146F00274660 /* eckey.h */,
			);
			name = Vendor;
			sourceTree = "<group>";
		};
		9FFB3A081DF8148600274660 /* modules */ = {
			isa = PBXGroup;
			children = (
				9FFB3A0D1DF8148600274660 /* recovery */,
			);
			path = modules;
			sourceTree = "<group>";
		};
		9FFB3A0D1DF8148600274660 /* recovery */ = {
			isa = PBXGroup;
			children = (
				9FFB3A0E1DF8148600274660 /* main_impl.h */,
			);
			path = recovery;
			sourceTree = "<group>";
		};
/* End PBXGroup section */

/* Begin PBXHeadersBuildPhase section */
		9F800BFF1DCB34D700C37B7A /* Headers */ = {
			isa = PBXHeadersBuildPhase;
			buildActionMask = 2147483647;
			files = (
				9FFB39FB1DF8144200274660 /* ecmult.h in Headers */,
				9FFB39EB1DF8140500274660 /* group.h in Headers */,
				9FFB39DD1DF8138200274660 /* num.h in Headers */,
				9F7FC6B21DF80BC30074164B /* secp256k1_recovery.h in Headers */,
				9F7FC6B01DF80BC30074164B /* secp256k1.h in Headers */,
				9FFB3A021DF8146500274660 /* ecdsa_impl.h in Headers */,
				9FFB39FA1DF8144200274660 /* ecmult_impl.h in Headers */,
				9F800C131DCB34D700C37B7A /* EtherealCereal.h in Headers */,
				9FFB39EF1DF8141800274660 /* scalar_8x32.h in Headers */,
				9FFB3A031DF8146500274660 /* ecdsa.h in Headers */,
				9FFB3A061DF8146F00274660 /* eckey_impl.h in Headers */,
				9FFB39E71DF813F900274660 /* scalar.h in Headers */,
				9FFB39E11DF813A400274660 /* field_10x26.h in Headers */,
				9F6D5D2A1DCB71070063087D /* EtherWrapper.h in Headers */,
				9FFB3A071DF8146F00274660 /* eckey.h in Headers */,
				9F7FC6B11DF80BC30074164B /* secp256k1_ecdh.h in Headers */,
				9FFB39E61DF813F900274660 /* scalar_impl.h in Headers */,
				9FFB3A1A1DF8148600274660 /* main_impl.h in Headers */,
				9FFB39F81DF8144200274660 /* ecmult_gen_impl.h in Headers */,
				9FFB39EE1DF8141800274660 /* scalar_8x32_impl.h in Headers */,
				9FFB39F91DF8144200274660 /* ecmult_gen.h in Headers */,
				9FFB39FF1DF8145900274660 /* hash.h in Headers */,
				9FFB39F71DF8144200274660 /* ecmult_const.h in Headers */,
				9FFB39DB1DF8137100274660 /* field_10x26_impl.h in Headers */,
				9FFB39EA1DF8140500274660 /* group_impl.h in Headers */,
				9FFB39CD1DF80F4A00274660 /* libsecp256k1-config.h in Headers */,
				9FFB632C1DCB3ABF0095D5CA /* EtherealCereal.swift in Headers */,
				9FFB39DF1DF8138F00274660 /* field.h in Headers */,
				9FFB39D71DF8133F00274660 /* field_impl.h in Headers */,
				9FFB39E31DF813E500274660 /* util.h in Headers */,
				9FFB39FE1DF8145900274660 /* hash_impl.h in Headers */,
				9F9030C31DD095250099861E /* keccak.h in Headers */,
				9FFB39F61DF8144200274660 /* ecmult_const_impl.h in Headers */,
			);
			runOnlyForDeploymentPostprocessing = 0;
		};
/* End PBXHeadersBuildPhase section */

/* Begin PBXNativeTarget section */
		9F800C011DCB34D700C37B7A /* EtherealCereal */ = {
			isa = PBXNativeTarget;
			buildConfigurationList = 9F800C161DCB34D700C37B7A /* Build configuration list for PBXNativeTarget "EtherealCereal" */;
			buildPhases = (
				9F800BFD1DCB34D700C37B7A /* Sources */,
				9F800BFE1DCB34D700C37B7A /* Frameworks */,
				9F800BFF1DCB34D700C37B7A /* Headers */,
				9F800C001DCB34D700C37B7A /* Resources */,
			);
			buildRules = (
			);
			dependencies = (
			);
			name = EtherealCereal;
			productName = EtherealCereal;
			productReference = 9F800C021DCB34D700C37B7A /* EtherealCereal.framework */;
			productType = "com.apple.product-type.framework";
		};
		9F9030B01DD0928A0099861E /* Tests */ = {
			isa = PBXNativeTarget;
			buildConfigurationList = 9F9030B91DD0928A0099861E /* Build configuration list for PBXNativeTarget "Tests" */;
			buildPhases = (
				9F9030AD1DD0928A0099861E /* Sources */,
				9F9030AE1DD0928A0099861E /* Frameworks */,
				9F9030AF1DD0928A0099861E /* Resources */,
			);
			buildRules = (
			);
			dependencies = (
				9F9030B81DD0928A0099861E /* PBXTargetDependency */,
			);
			name = Tests;
			productName = Tests;
			productReference = 9F9030B11DD0928A0099861E /* Tests.xctest */;
			productType = "com.apple.product-type.bundle.unit-test";
		};
		9FD9AE2C1DCB364A00828D06 /* Demo */ = {
			isa = PBXNativeTarget;
			buildConfigurationList = 9FD9AE3E1DCB364A00828D06 /* Build configuration list for PBXNativeTarget "Demo" */;
			buildPhases = (
				9FD9AE291DCB364A00828D06 /* Sources */,
				9FD9AE2A1DCB364A00828D06 /* Frameworks */,
				9FD9AE2B1DCB364A00828D06 /* Resources */,
				9FD9AE441DCB36E900828D06 /* Embed Frameworks */,
			);
			buildRules = (
			);
			dependencies = (
			);
			name = Demo;
			productName = Demo;
			productReference = 9FD9AE2D1DCB364A00828D06 /* Demo.app */;
			productType = "com.apple.product-type.application";
		};
/* End PBXNativeTarget section */

/* Begin PBXProject section */
		9F800BF91DCB34D700C37B7A /* Project object */ = {
			isa = PBXProject;
			attributes = {
				LastSwiftUpdateCheck = 0810;
				LastUpgradeCheck = 0930;
				ORGANIZATIONNAME = "Bakken & Bæck";
				TargetAttributes = {
					9F800C011DCB34D700C37B7A = {
						CreatedOnToolsVersion = 8.1;
						DevelopmentTeam = 29X3GG489T;
						LastSwiftMigration = 0930;
						ProvisioningStyle = Automatic;
					};
					9F9030B01DD0928A0099861E = {
						CreatedOnToolsVersion = 8.1;
						DevelopmentTeam = 29X3GG489T;
						LastSwiftMigration = 0930;
						ProvisioningStyle = Automatic;
					};
					9FD9AE2C1DCB364A00828D06 = {
						CreatedOnToolsVersion = 8.1;
						DevelopmentTeam = 29X3GG489T;
						LastSwiftMigration = 0930;
						ProvisioningStyle = Automatic;
					};
				};
			};
			buildConfigurationList = 9F800BFC1DCB34D700C37B7A /* Build configuration list for PBXProject "EtherealCereal" */;
			compatibilityVersion = "Xcode 3.2";
			developmentRegion = English;
			hasScannedForEncodings = 0;
			knownRegions = (
				en,
				Base,
			);
			mainGroup = 9F800BF81DCB34D700C37B7A;
			productRefGroup = 9F800C031DCB34D700C37B7A /* Products */;
			projectDirPath = "";
			projectRoot = "";
			targets = (
				9F800C011DCB34D700C37B7A /* EtherealCereal */,
				9FD9AE2C1DCB364A00828D06 /* Demo */,
				9F9030B01DD0928A0099861E /* Tests */,
			);
		};
/* End PBXProject section */

/* Begin PBXResourcesBuildPhase section */
		9F800C001DCB34D700C37B7A /* Resources */ = {
			isa = PBXResourcesBuildPhase;
			buildActionMask = 2147483647;
			files = (
			);
			runOnlyForDeploymentPostprocessing = 0;
		};
		9F9030AF1DD0928A0099861E /* Resources */ = {
			isa = PBXResourcesBuildPhase;
			buildActionMask = 2147483647;
			files = (
				9F9030C81DD0956A0099861E /* EtherealCereal.framework in Resources */,
			);
			runOnlyForDeploymentPostprocessing = 0;
		};
		9FD9AE2B1DCB364A00828D06 /* Resources */ = {
			isa = PBXResourcesBuildPhase;
			buildActionMask = 2147483647;
			files = (
				9FD9AE3A1DCB364A00828D06 /* LaunchScreen.storyboard in Resources */,
				9FD9AE371DCB364A00828D06 /* Assets.xcassets in Resources */,
			);
			runOnlyForDeploymentPostprocessing = 0;
		};
/* End PBXResourcesBuildPhase section */

/* Begin PBXSourcesBuildPhase section */
		9F800BFD1DCB34D700C37B7A /* Sources */ = {
			isa = PBXSourcesBuildPhase;
			buildActionMask = 2147483647;
			files = (
				9F7FC6AA1DF80B990074164B /* secp256k1.c in Sources */,
				9FD9AE411DCB36C600828D06 /* EtherealCereal.swift in Sources */,
				9F9030AA1DD0854F0099861E /* keccak.c in Sources */,
				9F6D5D2B1DCB71090063087D /* EtherWrapper.m in Sources */,
			);
			runOnlyForDeploymentPostprocessing = 0;
		};
		9F9030AD1DD0928A0099861E /* Sources */ = {
			isa = PBXSourcesBuildPhase;
			buildActionMask = 2147483647;
			files = (
				9F9030B41DD0928A0099861E /* Tests.swift in Sources */,
			);
			runOnlyForDeploymentPostprocessing = 0;
		};
		9FD9AE291DCB364A00828D06 /* Sources */ = {
			isa = PBXSourcesBuildPhase;
			buildActionMask = 2147483647;
			files = (
				9FD9AE321DCB364A00828D06 /* ViewController.swift in Sources */,
				9FD9AE431DCB36C600828D06 /* EtherealCereal.swift in Sources */,
				9FD9AE301DCB364A00828D06 /* AppDelegate.swift in Sources */,
			);
			runOnlyForDeploymentPostprocessing = 0;
		};
/* End PBXSourcesBuildPhase section */

/* Begin PBXTargetDependency section */
		9F9030B81DD0928A0099861E /* PBXTargetDependency */ = {
			isa = PBXTargetDependency;
			target = 9F800C011DCB34D700C37B7A /* EtherealCereal */;
			targetProxy = 9F9030B71DD0928A0099861E /* PBXContainerItemProxy */;
		};
/* End PBXTargetDependency section */

/* Begin PBXVariantGroup section */
		9FD9AE381DCB364A00828D06 /* LaunchScreen.storyboard */ = {
			isa = PBXVariantGroup;
			children = (
				9FD9AE391DCB364A00828D06 /* Base */,
			);
			name = LaunchScreen.storyboard;
			sourceTree = "<group>";
		};
/* End PBXVariantGroup section */

/* Begin XCBuildConfiguration section */
		9F800C141DCB34D700C37B7A /* Debug */ = {
			isa = XCBuildConfiguration;
			buildSettings = {
				ALWAYS_SEARCH_USER_PATHS = NO;
				CLANG_ANALYZER_NONNULL = YES;
				CLANG_CXX_LANGUAGE_STANDARD = "gnu++0x";
				CLANG_CXX_LIBRARY = "libc++";
				CLANG_ENABLE_MODULES = YES;
				CLANG_ENABLE_OBJC_ARC = YES;
				CLANG_WARN_BLOCK_CAPTURE_AUTORELEASING = YES;
				CLANG_WARN_BOOL_CONVERSION = YES;
				CLANG_WARN_COMMA = YES;
				CLANG_WARN_CONSTANT_CONVERSION = YES;
				CLANG_WARN_DEPRECATED_OBJC_IMPLEMENTATIONS = YES;
				CLANG_WARN_DIRECT_OBJC_ISA_USAGE = YES_ERROR;
				CLANG_WARN_DOCUMENTATION_COMMENTS = YES;
				CLANG_WARN_EMPTY_BODY = YES;
				CLANG_WARN_ENUM_CONVERSION = YES;
				CLANG_WARN_INFINITE_RECURSION = YES;
				CLANG_WARN_INT_CONVERSION = YES;
				CLANG_WARN_NON_LITERAL_NULL_CONVERSION = YES;
				CLANG_WARN_OBJC_IMPLICIT_RETAIN_SELF = YES;
				CLANG_WARN_OBJC_LITERAL_CONVERSION = YES;
				CLANG_WARN_OBJC_ROOT_CLASS = YES_ERROR;
				CLANG_WARN_RANGE_LOOP_ANALYSIS = YES;
				CLANG_WARN_STRICT_PROTOTYPES = YES;
				CLANG_WARN_SUSPICIOUS_MOVE = YES;
				CLANG_WARN_SUSPICIOUS_MOVES = YES;
				CLANG_WARN_UNREACHABLE_CODE = YES;
				CLANG_WARN__DUPLICATE_METHOD_MATCH = YES;
				"CODE_SIGN_IDENTITY[sdk=iphoneos*]" = "iPhone Developer";
				COPY_PHASE_STRIP = NO;
				CURRENT_PROJECT_VERSION = 1;
				DEBUG_INFORMATION_FORMAT = dwarf;
				ENABLE_STRICT_OBJC_MSGSEND = YES;
				ENABLE_TESTABILITY = YES;
				GCC_C_LANGUAGE_STANDARD = gnu99;
				GCC_DYNAMIC_NO_PIC = NO;
				GCC_NO_COMMON_BLOCKS = YES;
				GCC_OPTIMIZATION_LEVEL = 0;
				GCC_PREPROCESSOR_DEFINITIONS = (
					"DEBUG=1",
					"$(inherited)",
				);
				GCC_WARN_64_TO_32_BIT_CONVERSION = YES;
				GCC_WARN_ABOUT_RETURN_TYPE = YES_ERROR;
				GCC_WARN_UNDECLARED_SELECTOR = YES;
				GCC_WARN_UNINITIALIZED_AUTOS = YES_AGGRESSIVE;
				GCC_WARN_UNUSED_FUNCTION = YES;
				GCC_WARN_UNUSED_VARIABLE = YES;
				IPHONEOS_DEPLOYMENT_TARGET = 10.1;
				MTL_ENABLE_DEBUG_INFO = YES;
				ONLY_ACTIVE_ARCH = YES;
				SDKROOT = iphoneos;
				SWIFT_ACTIVE_COMPILATION_CONDITIONS = DEBUG;
				SWIFT_OPTIMIZATION_LEVEL = "-Onone";
				TARGETED_DEVICE_FAMILY = "1,2";
				VERSIONING_SYSTEM = "apple-generic";
				VERSION_INFO_PREFIX = "";
			};
			name = Debug;
		};
		9F800C151DCB34D700C37B7A /* Release */ = {
			isa = XCBuildConfiguration;
			buildSettings = {
				ALWAYS_SEARCH_USER_PATHS = NO;
				CLANG_ANALYZER_NONNULL = YES;
				CLANG_CXX_LANGUAGE_STANDARD = "gnu++0x";
				CLANG_CXX_LIBRARY = "libc++";
				CLANG_ENABLE_MODULES = YES;
				CLANG_ENABLE_OBJC_ARC = YES;
				CLANG_WARN_BLOCK_CAPTURE_AUTORELEASING = YES;
				CLANG_WARN_BOOL_CONVERSION = YES;
				CLANG_WARN_COMMA = YES;
				CLANG_WARN_CONSTANT_CONVERSION = YES;
				CLANG_WARN_DEPRECATED_OBJC_IMPLEMENTATIONS = YES;
				CLANG_WARN_DIRECT_OBJC_ISA_USAGE = YES_ERROR;
				CLANG_WARN_DOCUMENTATION_COMMENTS = YES;
				CLANG_WARN_EMPTY_BODY = YES;
				CLANG_WARN_ENUM_CONVERSION = YES;
				CLANG_WARN_INFINITE_RECURSION = YES;
				CLANG_WARN_INT_CONVERSION = YES;
				CLANG_WARN_NON_LITERAL_NULL_CONVERSION = YES;
				CLANG_WARN_OBJC_IMPLICIT_RETAIN_SELF = YES;
				CLANG_WARN_OBJC_LITERAL_CONVERSION = YES;
				CLANG_WARN_OBJC_ROOT_CLASS = YES_ERROR;
				CLANG_WARN_RANGE_LOOP_ANALYSIS = YES;
				CLANG_WARN_STRICT_PROTOTYPES = YES;
				CLANG_WARN_SUSPICIOUS_MOVE = YES;
				CLANG_WARN_SUSPICIOUS_MOVES = YES;
				CLANG_WARN_UNREACHABLE_CODE = YES;
				CLANG_WARN__DUPLICATE_METHOD_MATCH = YES;
				"CODE_SIGN_IDENTITY[sdk=iphoneos*]" = "iPhone Developer";
				COPY_PHASE_STRIP = NO;
				CURRENT_PROJECT_VERSION = 1;
				DEBUG_INFORMATION_FORMAT = "dwarf-with-dsym";
				ENABLE_NS_ASSERTIONS = NO;
				ENABLE_STRICT_OBJC_MSGSEND = YES;
				GCC_C_LANGUAGE_STANDARD = gnu99;
				GCC_NO_COMMON_BLOCKS = YES;
				GCC_WARN_64_TO_32_BIT_CONVERSION = YES;
				GCC_WARN_ABOUT_RETURN_TYPE = YES_ERROR;
				GCC_WARN_UNDECLARED_SELECTOR = YES;
				GCC_WARN_UNINITIALIZED_AUTOS = YES_AGGRESSIVE;
				GCC_WARN_UNUSED_FUNCTION = YES;
				GCC_WARN_UNUSED_VARIABLE = YES;
				IPHONEOS_DEPLOYMENT_TARGET = 10.1;
				MTL_ENABLE_DEBUG_INFO = NO;
				SDKROOT = iphoneos;
				SWIFT_OPTIMIZATION_LEVEL = "-Owholemodule";
				TARGETED_DEVICE_FAMILY = "1,2";
				VALIDATE_PRODUCT = YES;
				VERSIONING_SYSTEM = "apple-generic";
				VERSION_INFO_PREFIX = "";
			};
			name = Release;
		};
		9F800C171DCB34D700C37B7A /* Debug */ = {
			isa = XCBuildConfiguration;
			buildSettings = {
				CLANG_ENABLE_MODULES = YES;
				CODE_SIGN_IDENTITY = "iPhone Developer";
				"CODE_SIGN_IDENTITY[sdk=iphoneos*]" = "";
				DEFINES_MODULE = YES;
				DEVELOPMENT_TEAM = 29X3GG489T;
				DYLIB_COMPATIBILITY_VERSION = 1;
				DYLIB_CURRENT_VERSION = 1;
				DYLIB_INSTALL_NAME_BASE = "@rpath";
				ENABLE_BITCODE = YES;
				FRAMEWORK_SEARCH_PATHS = (
					"$(inherited)",
					"$(PROJECT_DIR)/Carthage/Build/iOS",
					"$(PROJECT_DIR)/EtherealCereal",
					"$(PROJECT_DIR)",
				);
				INFOPLIST_FILE = EtherealCereal/Info.plist;
				INSTALL_PATH = "$(LOCAL_LIBRARY_DIR)/Frameworks";
				IPHONEOS_DEPLOYMENT_TARGET = 9;
				LD_RUNPATH_SEARCH_PATHS = "$(inherited) @executable_path/Frameworks @loader_path/Frameworks";
				LIBRARY_SEARCH_PATHS = (
					"$(inherited)",
					"$(PROJECT_DIR)",
				);
				PRODUCT_BUNDLE_IDENTIFIER = no.bakkenbaeck.EtherealCereal;
				PRODUCT_NAME = EtherealCereal;
				SKIP_INSTALL = YES;
				SWIFT_INSTALL_OBJC_HEADER = YES;
				SWIFT_OPTIMIZATION_LEVEL = "-Onone";
				SWIFT_VERSION = 4.0;
			};
			name = Debug;
		};
		9F800C181DCB34D700C37B7A /* Release */ = {
			isa = XCBuildConfiguration;
			buildSettings = {
				CLANG_ENABLE_MODULES = YES;
				CODE_SIGN_IDENTITY = "iPhone Developer";
				"CODE_SIGN_IDENTITY[sdk=iphoneos*]" = "";
				DEFINES_MODULE = YES;
				DEVELOPMENT_TEAM = 29X3GG489T;
				DYLIB_COMPATIBILITY_VERSION = 1;
				DYLIB_CURRENT_VERSION = 1;
				DYLIB_INSTALL_NAME_BASE = "@rpath";
				ENABLE_BITCODE = YES;
				FRAMEWORK_SEARCH_PATHS = (
					"$(inherited)",
					"$(PROJECT_DIR)/Carthage/Build/iOS",
					"$(PROJECT_DIR)/EtherealCereal",
					"$(PROJECT_DIR)",
				);
				INFOPLIST_FILE = EtherealCereal/Info.plist;
				INSTALL_PATH = "$(LOCAL_LIBRARY_DIR)/Frameworks";
				IPHONEOS_DEPLOYMENT_TARGET = 9;
				LD_RUNPATH_SEARCH_PATHS = "$(inherited) @executable_path/Frameworks @loader_path/Frameworks";
				LIBRARY_SEARCH_PATHS = (
					"$(inherited)",
					"$(PROJECT_DIR)",
				);
				PRODUCT_BUNDLE_IDENTIFIER = no.bakkenbaeck.EtherealCereal;
				PRODUCT_NAME = EtherealCereal;
				SKIP_INSTALL = YES;
				SWIFT_INSTALL_OBJC_HEADER = YES;
				SWIFT_VERSION = 4.0;
			};
			name = Release;
		};
		9F9030BA1DD0928A0099861E /* Debug */ = {
			isa = XCBuildConfiguration;
			buildSettings = {
				DEVELOPMENT_TEAM = 29X3GG489T;
				FRAMEWORK_SEARCH_PATHS = (
					"$(inherited)",
					"$(PROJECT_DIR)/EtherealCereal",
					"$(PROJECT_DIR)/Carthage/Build/iOS",
					"$(PROJECT_DIR)",
				);
				INFOPLIST_FILE = Tests/Info.plist;
				LD_RUNPATH_SEARCH_PATHS = "$(inherited) @executable_path/Frameworks @loader_path/Frameworks";
				PRODUCT_BUNDLE_IDENTIFIER = no.bakkenbaeck.Tests;
				PRODUCT_NAME = "$(TARGET_NAME)";
				SWIFT_VERSION = 4.0;
			};
			name = Debug;
		};
		9F9030BB1DD0928A0099861E /* Release */ = {
			isa = XCBuildConfiguration;
			buildSettings = {
				DEVELOPMENT_TEAM = 29X3GG489T;
				FRAMEWORK_SEARCH_PATHS = (
					"$(inherited)",
					"$(PROJECT_DIR)/EtherealCereal",
					"$(PROJECT_DIR)/Carthage/Build/iOS",
					"$(PROJECT_DIR)",
				);
				INFOPLIST_FILE = Tests/Info.plist;
				LD_RUNPATH_SEARCH_PATHS = "$(inherited) @executable_path/Frameworks @loader_path/Frameworks";
				PRODUCT_BUNDLE_IDENTIFIER = no.bakkenbaeck.Tests;
				PRODUCT_NAME = "$(TARGET_NAME)";
				SWIFT_VERSION = 4.0;
			};
			name = Release;
		};
		9FD9AE3C1DCB364A00828D06 /* Debug */ = {
			isa = XCBuildConfiguration;
			buildSettings = {
				ASSETCATALOG_COMPILER_APPICON_NAME = AppIcon;
				CLANG_ENABLE_MODULES = YES;
				DEVELOPMENT_TEAM = 29X3GG489T;
				ENABLE_BITCODE = YES;
				FRAMEWORK_SEARCH_PATHS = (
					"$(inherited)",
					"$(PROJECT_DIR)/Carthage/Build/iOS",
					"$(PROJECT_DIR)/EtherealCereal",
					"$(PROJECT_DIR)",
				);
				INFOPLIST_FILE = Demo/Info.plist;
				IPHONEOS_DEPLOYMENT_TARGET = 9;
				LD_RUNPATH_SEARCH_PATHS = "$(inherited) @executable_path/Frameworks";
				PRODUCT_BUNDLE_IDENTIFIER = no.bakkenbaeck.Demo;
				PRODUCT_NAME = "$(TARGET_NAME)";
				STRIP_BITCODE_FROM_COPIED_FILES = NO;
				SWIFT_OPTIMIZATION_LEVEL = "-Onone";
				SWIFT_VERSION = 4.0;
			};
			name = Debug;
		};
		9FD9AE3D1DCB364A00828D06 /* Release */ = {
			isa = XCBuildConfiguration;
			buildSettings = {
				ASSETCATALOG_COMPILER_APPICON_NAME = AppIcon;
				CLANG_ENABLE_MODULES = YES;
				DEVELOPMENT_TEAM = 29X3GG489T;
				ENABLE_BITCODE = YES;
				FRAMEWORK_SEARCH_PATHS = (
					"$(inherited)",
					"$(PROJECT_DIR)/Carthage/Build/iOS",
					"$(PROJECT_DIR)/EtherealCereal",
					"$(PROJECT_DIR)",
				);
				INFOPLIST_FILE = Demo/Info.plist;
				IPHONEOS_DEPLOYMENT_TARGET = 9;
				LD_RUNPATH_SEARCH_PATHS = "$(inherited) @executable_path/Frameworks";
				PRODUCT_BUNDLE_IDENTIFIER = no.bakkenbaeck.Demo;
				PRODUCT_NAME = "$(TARGET_NAME)";
				STRIP_BITCODE_FROM_COPIED_FILES = NO;
				SWIFT_VERSION = 4.0;
			};
			name = Release;
		};
/* End XCBuildConfiguration section */

/* Begin XCConfigurationList section */
		9F800BFC1DCB34D700C37B7A /* Build configuration list for PBXProject "EtherealCereal" */ = {
			isa = XCConfigurationList;
			buildConfigurations = (
				9F800C141DCB34D700C37B7A /* Debug */,
				9F800C151DCB34D700C37B7A /* Release */,
			);
			defaultConfigurationIsVisible = 0;
			defaultConfigurationName = Release;
		};
		9F800C161DCB34D700C37B7A /* Build configuration list for PBXNativeTarget "EtherealCereal" */ = {
			isa = XCConfigurationList;
			buildConfigurations = (
				9F800C171DCB34D700C37B7A /* Debug */,
				9F800C181DCB34D700C37B7A /* Release */,
			);
			defaultConfigurationIsVisible = 0;
			defaultConfigurationName = Release;
		};
		9F9030B91DD0928A0099861E /* Build configuration list for PBXNativeTarget "Tests" */ = {
			isa = XCConfigurationList;
			buildConfigurations = (
				9F9030BA1DD0928A0099861E /* Debug */,
				9F9030BB1DD0928A0099861E /* Release */,
			);
			defaultConfigurationIsVisible = 0;
			defaultConfigurationName = Release;
		};
		9FD9AE3E1DCB364A00828D06 /* Build configuration list for PBXNativeTarget "Demo" */ = {
			isa = XCConfigurationList;
			buildConfigurations = (
				9FD9AE3C1DCB364A00828D06 /* Debug */,
				9FD9AE3D1DCB364A00828D06 /* Release */,
			);
			defaultConfigurationIsVisible = 0;
			defaultConfigurationName = Release;
		};
/* End XCConfigurationList section */
	};
	rootObject = 9F800BF91DCB34D700C37B7A /* Project object */;
}
